
Microsoft Visual Studio Solution File, Format Version 12.00
# Visual Studio Version 17
VisualStudioVersion = 17.13.35806.99 d17.13
MinimumVisualStudioVersion = 10.0.40219.1
Project("{FAE04EC0-301F-11D3-BF4B-00C04F79EFBC}") = "HomeWork14_02_25", "HomeWork14_02_25.csproj", "{CDCB1D70-3990-4C8D-BBFA-45FF943F01EA}"
EndProject
Global
	GlobalSection(SolutionConfigurationPlatforms) = preSolution
		Debug|Any CPU = Debug|Any CPU
		Release|Any CPU = Release|Any CPU
	EndGlobalSection
	GlobalSection(ProjectConfigurationPlatforms) = postSolution
		{CDCB1D70-3990-4C8D-BBFA-45FF943F01EA}.Debug|Any CPU.ActiveCfg = Debug|Any CPU
		{CDCB1D70-3990-4C8D-BBFA-45FF943F01EA}.Debug|Any CPU.Build.0 = Debug|Any CPU
		{CDCB1D70-3990-4C8D-BBFA-45FF943F01EA}.Release|Any CPU.ActiveCfg = Release|Any CPU
		{CDCB1D70-3990-4C8D-BBFA-45FF943F01EA}.Release|Any CPU.Build.0 = Release|Any CPU
	EndGlobalSection
	GlobalSection(SolutionProperties) = preSolution
		HideSolutionNode = FALSE
	EndGlobalSection
	GlobalSection(ExtensibilityGlobals) = postSolution
		SolutionGuid = {079677C3-990C-4DA9-800E-851732E0EAE6}
	EndGlobalSection
EndGlobal
